
Microsoft Visual Studio Solution File, Format Version 12.00
# Visual Studio Version 17
VisualStudioVersion = 17.0.31903.59
MinimumVisualStudioVersion = 10.0.40219.1
Project("{FAE04EC0-301F-11D3-BF4B-00C04F79EFBC}") = "CvBuilderApi", "apps\api\CvBuilderApi.csproj", "{1C1D9C72-E5F4-45F5-8948-26E90C6A8397}"
EndProject
Project("{FAE04EC0-301F-11D3-BF4B-00C04F79EFBC}") = "CvBuilderApi.Tests", "apps\api.tests\CvBuilderApi.Tests.csproj", "{19AA6DFD-AE07-4782-A625-9BC42E4C97F6}"
EndProject
Global
	GlobalSection(SolutionConfigurationPlatforms) = preSolution
		Debug|Any CPU = Debug|Any CPU
		Release|Any CPU = Release|Any CPU
	EndGlobalSection
	GlobalSection(ProjectConfigurationPlatforms) = postSolution
		{1C1D9C72-E5F4-45F5-8948-26E90C6A8397}.Debug|Any CPU.ActiveCfg = Debug|Any CPU
		{1C1D9C72-E5F4-45F5-8948-26E90C6A8397}.Debug|Any CPU.Build.0 = Debug|Any CPU
		{1C1D9C72-E5F4-45F5-8948-26E90C6A8397}.Release|Any CPU.ActiveCfg = Release|Any CPU
		{1C1D9C72-E5F4-45F5-8948-26E90C6A8397}.Release|Any CPU.Build.0 = Release|Any CPU
		{19AA6DFD-AE07-4782-A625-9BC42E4C97F6}.Debug|Any CPU.ActiveCfg = Debug|Any CPU
		{19AA6DFD-AE07-4782-A625-9BC42E4C97F6}.Debug|Any CPU.Build.0 = Debug|Any CPU
		{19AA6DFD-AE07-4782-A625-9BC42E4C97F6}.Release|Any CPU.ActiveCfg = Release|Any CPU
		{19AA6DFD-AE07-4782-A625-9BC42E4C97F6}.Release|Any CPU.Build.0 = Release|Any CPU
	EndGlobalSection
	GlobalSection(SolutionProperties) = preSolution
		HideSolutionNode = FALSE
	EndGlobalSection
EndGlobal
